PODS:
  - Alamofire (5.0.5)
  - SwiftyJSON (4.3.0)
  - TaggerKit (0.6.1)
  - WaterfallGrid (1.0.1)

DEPENDENCIES:
  - Alamofire (~> 5.0.0-rc.2)
  - SwiftyJSON (~> 4.0)
  - TaggerKit
  - WaterfallGrid (~> 1.0.0)

SPEC REPOS:
  trunk:
    - Alamofire
    - SwiftyJSON
    - TaggerKit
    - WaterfallGrid

SPEC CHECKSUMS:
  Alamofire: df2f8f826963b08b9a870791ad48e07a10090b2e
  SwiftyJSON: 6faa0040f8b59dead0ee07436cbf76b73c08fd08
  TaggerKit: e88422048a006b409a37b37f24785dfcca69b5b2
  WaterfallGrid: 0554a759d9a8aa136fc1769480ddb01bc6fb94b9

PODFILE CHECKSUM: 84da4372416a7164828c33c5f080e6cf1fe26848

COCOAPODS: 1.10.1
